PODS:
  - TEPhotoDisplayView (0.0.2)

DEPENDENCIES:
  - TEPhotoDisplayView (from `../`)

EXTERNAL SOURCES:
  TEPhotoDisplayView:
    :path: "../"

SPEC CHECKSUMS:
  TEPhotoDisplayView: df6479bc0152cca89db3f621d8e0d6bdfd0adcc6

PODFILE CHECKSUM: c92c3a2a53d279e5449ab40a6f6456854251a774

COCOAPODS: 1.5.3
